lockfileVersion: '9.0'

settings:
  autoInstallPeers: true
  excludeLinksFromLockfile: false

importers:

  .:
    devDependencies:
      '@biomejs/biome':
        specifier: ^1.9.2
        version: 1.9.2
      '@types/node':
        specifier: ^20.0.0
        version: 20.16.5
      turbo:
        specifier: ^2.1.2
        version: 2.1.2
      typescript:
        specifier: ^5.6.2
        version: 5.6.2

packages:

  '@biomejs/biome@1.9.2':
    resolution: {integrity: sha512-4j2Gfwft8Jqp1X0qLYvK4TEy4xhTo4o6rlvJPsjPeEame8gsmbGQfOPBkw7ur+7/Z/f0HZmCZKqbMvR7vTXQYQ==}
    engines: {node: '>=14.21.3'}
    hasBin: true

  '@biomejs/cli-darwin-arm64@1.9.2':
    resolution: {integrity: sha512-rbs9uJHFmhqB3Td0Ro+1wmeZOHhAPTL3WHr8NtaVczUmDhXkRDWScaxicG9+vhSLj1iLrW47itiK6xiIJy6vaA==}
    engines: {node: '>=14.21.3'}
    cpu: [arm64]
    os: [darwin]

  '@biomejs/cli-darwin-x64@1.9.2':
    resolution: {integrity: sha512-BlfULKijNaMigQ9GH9fqJVt+3JTDOSiZeWOQtG/1S1sa8Lp046JHG3wRJVOvekTPL9q/CNFW1NVG8J0JN+L1OA==}
    engines: {node: '>=14.21.3'}
    cpu: [x64]
    os: [darwin]

  '@biomejs/cli-linux-arm64-musl@1.9.2':
    resolution: {integrity: sha512-ZATvbUWhNxegSALUnCKWqetTZqrK72r2RsFD19OK5jXDj/7o1hzI1KzDNG78LloZxftrwr3uI9SqCLh06shSZw==}
    engines: {node: '>=14.21.3'}
    cpu: [arm64]
    os: [linux]

  '@biomejs/cli-linux-arm64@1.9.2':
    resolution: {integrity: sha512-T8TJuSxuBDeQCQzxZu2o3OU4eyLumTofhCxxFd3+aH2AEWVMnH7Z/c3QP1lHI5RRMBP9xIJeMORqDQ5j+gVZzw==}
    engines: {node: '>=14.21.3'}
    cpu: [arm64]
    os: [linux]

  '@biomejs/cli-linux-x64-musl@1.9.2':
    resolution: {integrity: sha512-CjPM6jT1miV5pry9C7qv8YJk0FIZvZd86QRD3atvDgfgeh9WQU0k2Aoo0xUcPdTnoz0WNwRtDicHxwik63MmSg==}
    engines: {node: '>=14.21.3'}
    cpu: [x64]
    os: [linux]

  '@biomejs/cli-linux-x64@1.9.2':
    resolution: {integrity: sha512-T0cPk3C3Jr2pVlsuQVTBqk2qPjTm8cYcTD9p/wmR9MeVqui1C/xTVfOIwd3miRODFMrJaVQ8MYSXnVIhV9jTjg==}
    engines: {node: '>=14.21.3'}
    cpu: [x64]
    os: [linux]

  '@biomejs/cli-win32-arm64@1.9.2':
    resolution: {integrity: sha512-2x7gSty75bNIeD23ZRPXyox6Z/V0M71ObeJtvQBhi1fgrvPdtkEuw7/0wEHg6buNCubzOFuN9WYJm6FKoUHfhg==}
    engines: {node: '>=14.21.3'}
    cpu: [arm64]
    os: [win32]

  '@biomejs/cli-win32-x64@1.9.2':
    resolution: {integrity: sha512-JC3XvdYcjmu1FmAehVwVV0SebLpeNTnO2ZaMdGCSOdS7f8O9Fq14T2P1gTG1Q29Q8Dt1S03hh0IdVpIZykOL8g==}
    engines: {node: '>=14.21.3'}
    cpu: [x64]
    os: [win32]

  '@types/node@20.16.5':
    resolution: {integrity: sha512-VwYCweNo3ERajwy0IUlqqcyZ8/A7Zwa9ZP3MnENWcB11AejO+tLy3pu850goUW2FC/IJMdZUfKpX/yxL1gymCA==}

  turbo-darwin-64@2.1.2:
    resolution: {integrity: sha512-3TEBxHWh99h2yIzkuIigMEOXt/ItYQp0aPiJjPd1xN4oDcsKK5AxiFKPH9pdtfIBzYsY59kQhZiFj0ELnSP7Bw==}
    cpu: [x64]
    os: [darwin]

  turbo-darwin-arm64@2.1.2:
    resolution: {integrity: sha512-he0miWNq2WxJzsH82jS2Z4MXpnkzn9SH8a79iPXiJkq25QREImucscM4RPasXm8wARp91pyysJMq6aasD45CeA==}
    cpu: [arm64]
    os: [darwin]

  turbo-linux-64@2.1.2:
    resolution: {integrity: sha512-fKUBcc0rK8Vdqv5a/E3CSpMBLG1bzwv+Q0Q83F8fG2ZfNCNKGbcEYABdonNZkkx141Rj03cZQFCgxu3MVEGU+A==}
    cpu: [x64]
    os: [linux]

  turbo-linux-arm64@2.1.2:
    resolution: {integrity: sha512-sV8Bpmm0WiuxgbhxymcC7wSsuxfBBieI98GegSwbr/bs1ANAgzCg93urIrdKdQ3/b31zZxQwcaP4FBF1wx1Qdg==}
    cpu: [arm64]
    os: [linux]

  turbo-windows-64@2.1.2:
    resolution: {integrity: sha512-wcmIJZI9ORT9ykHGliFE6kWRQrlH930QGSjSgWC8uFChFFuOyUlvC7ttcxuSvU9VqC7NF4C+GVAcFJQ8lTjN7g==}
    cpu: [x64]
    os: [win32]

  turbo-windows-arm64@2.1.2:
    resolution: {integrity: sha512-zdnXjrhk7YO6CP+Q5wPueEvOCLH4lDa6C4rrwiakcWcPgcQGbVozJlo4uaQ6awo8HLWQEvOwu84RkWTdLAc/Hw==}
    cpu: [arm64]
    os: [win32]

  turbo@2.1.2:
    resolution: {integrity: sha512-Jb0rbU4iHEVQ18An/YfakdIv9rKnd3zUfSE117EngrfWXFHo3RndVH96US3GsT8VHpwTncPePDBT2t06PaFLrw==}
    hasBin: true

  typescript@5.6.2:
    resolution: {integrity: sha512-NW8ByodCSNCwZeghjN3o+JX5OFH0Ojg6sadjEKY4huZ52TqbJTJnDo5+Tw98lSy63NZvi4n+ez5m2u5d4PkZyw==}
    engines: {node: '>=14.17'}
    hasBin: true

  undici-types@6.19.8:
    resolution: {integrity: sha512-ve2KP6f/JnbPBFyobGHuerC9g1FYGn/F8n1LWTwNxCEzd6IfqTwUQcNXgEtmmQ6DlRrC1hrSrBnCZPokRrDHjw==}

snapshots:

  '@biomejs/biome@1.9.2':
    optionalDependencies:
      '@biomejs/cli-darwin-arm64': 1.9.2
      '@biomejs/cli-darwin-x64': 1.9.2
      '@biomejs/cli-linux-arm64': 1.9.2
      '@biomejs/cli-linux-arm64-musl': 1.9.2
      '@biomejs/cli-linux-x64': 1.9.2
      '@biomejs/cli-linux-x64-musl': 1.9.2
      '@biomejs/cli-win32-arm64': 1.9.2
      '@biomejs/cli-win32-x64': 1.9.2

  '@biomejs/cli-darwin-arm64@1.9.2':
    optional: true

  '@biomejs/cli-darwin-x64@1.9.2':
    optional: true

  '@biomejs/cli-linux-arm64-musl@1.9.2':
    optional: true

  '@biomejs/cli-linux-arm64@1.9.2':
    optional: true

  '@biomejs/cli-linux-x64-musl@1.9.2':
    optional: true

  '@biomejs/cli-linux-x64@1.9.2':
    optional: true

  '@biomejs/cli-win32-arm64@1.9.2':
    optional: true

  '@biomejs/cli-win32-x64@1.9.2':
    optional: true

  '@types/node@20.16.5':
    dependencies:
      undici-types: 6.19.8

  turbo-darwin-64@2.1.2:
    optional: true

  turbo-darwin-arm64@2.1.2:
    optional: true

  turbo-linux-64@2.1.2:
    optional: true

  turbo-linux-arm64@2.1.2:
    optional: true

  turbo-windows-64@2.1.2:
    optional: true

  turbo-windows-arm64@2.1.2:
    optional: true

  turbo@2.1.2:
    optionalDependencies:
      turbo-darwin-64: 2.1.2
      turbo-darwin-arm64: 2.1.2
      turbo-linux-64: 2.1.2
      turbo-linux-arm64: 2.1.2
      turbo-windows-64: 2.1.2
      turbo-windows-arm64: 2.1.2

  typescript@5.6.2: {}

  undici-types@6.19.8: {}
